
Microsoft Visual Studio Solution File, Format Version 12.00
# Visual Studio Version 17
VisualStudioVersion = 17.1.32228.430
MinimumVisualStudioVersion = 10.0.40219.1
Project("{9A19103F-16F7-4668-BE54-9A1E7A4F7556}") = "Space Object", "Space Object\Space Object.csproj", "{D3AF02F0-AAE6-441C-B437-02D860C121E9}"
EndProject
Project("{9A19103F-16F7-4668-BE54-9A1E7A4F7556}") = "Space Sim", "Space Sim\Space Sim.csproj", "{5036E4AF-247E-4AD3-AAF3-01C281BE1093}"
EndProject
Project("{FAE04EC0-301F-11D3-BF4B-00C04F79EFBC}") = "Tests Space Object", "Tests Space Object\Tests Space Object.csproj", "{F65F791A-04C9-4356-B713-031E408BED7A}"
EndProject
Global
	GlobalSection(SolutionConfigurationPlatforms) = preSolution
		Debug|Any CPU = Debug|Any CPU
		Release|Any CPU = Release|Any CPU
	EndGlobalSection
	GlobalSection(ProjectConfigurationPlatforms) = postSolution
		{D3AF02F0-AAE6-441C-B437-02D860C121E9}.Debug|Any CPU.ActiveCfg = Debug|Any CPU
		{D3AF02F0-AAE6-441C-B437-02D860C121E9}.Debug|Any CPU.Build.0 = Debug|Any CPU
		{D3AF02F0-AAE6-441C-B437-02D860C121E9}.Release|Any CPU.ActiveCfg = Release|Any CPU
		{D3AF02F0-AAE6-441C-B437-02D860C121E9}.Release|Any CPU.Build.0 = Release|Any CPU
		{5036E4AF-247E-4AD3-AAF3-01C281BE1093}.Debug|Any CPU.ActiveCfg = Debug|Any CPU
		{5036E4AF-247E-4AD3-AAF3-01C281BE1093}.Debug|Any CPU.Build.0 = Debug|Any CPU
		{5036E4AF-247E-4AD3-AAF3-01C281BE1093}.Release|Any CPU.ActiveCfg = Release|Any CPU
		{5036E4AF-247E-4AD3-AAF3-01C281BE1093}.Release|Any CPU.Build.0 = Release|Any CPU
		{F65F791A-04C9-4356-B713-031E408BED7A}.Debug|Any CPU.ActiveCfg = Debug|Any CPU
		{F65F791A-04C9-4356-B713-031E408BED7A}.Debug|Any CPU.Build.0 = Debug|Any CPU
		{F65F791A-04C9-4356-B713-031E408BED7A}.Release|Any CPU.ActiveCfg = Release|Any CPU
		{F65F791A-04C9-4356-B713-031E408BED7A}.Release|Any CPU.Build.0 = Release|Any CPU
	EndGlobalSection
	GlobalSection(SolutionProperties) = preSolution
		HideSolutionNode = FALSE
	EndGlobalSection
	GlobalSection(ExtensibilityGlobals) = postSolution
		SolutionGuid = {62E9B4BA-4818-47BD-A7BA-D744468D6D88}
	EndGlobalSection
EndGlobal
